
Microsoft Visual Studio Solution File, Format Version 12.00
# Visual Studio 15
VisualStudioVersion = 15.0.27004.2002
MinimumVisualStudioVersion = 10.0.40219.1
Project("{FAE04EC0-301F-11D3-BF4B-00C04F79EFBC}") = "CachedRepositoryPatternSample.Repositories", "CachedRepositoryPatternSample.Repositories\CachedRepositoryPatternSample.Repositories.csproj", "{581C4C94-BCC0-4E5C-B269-D2D3FDF9EA14}"
EndProject
Project("{FAE04EC0-301F-11D3-BF4B-00C04F79EFBC}") = "CachedRepositoryPatternSample.Services", "CachedRepositoryPatternSample.Services\CachedRepositoryPatternSample.Services.csproj", "{FD722420-88A5-4B28-BD2C-22C69BE9815A}"
EndProject
Project("{FAE04EC0-301F-11D3-BF4B-00C04F79EFBC}") = "CachedRepositoryPatternSample.Presentation", "CachedRepositoryPatternSample.Presentation\CachedRepositoryPatternSample.Presentation.csproj", "{D5BECC55-D5BD-48DA-86CA-947F6968DDFF}"
EndProject
Project("{FAE04EC0-301F-11D3-BF4B-00C04F79EFBC}") = "CachedRepositoryPatternSample.Domain", "CachedRepositoryPatternSample.Domain\CachedRepositoryPatternSample.Domain.csproj", "{F1423D55-FDF6-4C0D-B742-1B38BC25BC1E}"
EndProject
Project("{FAE04EC0-301F-11D3-BF4B-00C04F79EFBC}") = "CachedRepositoryPatternSample.CachedRepositories", "CachedRepositoryPatternSample.CachedRepositories\CachedRepositoryPatternSample.CachedRepositories.csproj", "{AFBC7FF0-30BB-4C34-AB72-157152A5F484}"
EndProject
Global
	GlobalSection(SolutionConfigurationPlatforms) = preSolution
		Debug|Any CPU = Debug|Any CPU
		Release|Any CPU = Release|Any CPU
	EndGlobalSection
	GlobalSection(ProjectConfigurationPlatforms) = postSolution
		{581C4C94-BCC0-4E5C-B269-D2D3FDF9EA14}.Debug|Any CPU.ActiveCfg = Debug|Any CPU
		{581C4C94-BCC0-4E5C-B269-D2D3FDF9EA14}.Debug|Any CPU.Build.0 = Debug|Any CPU
		{581C4C94-BCC0-4E5C-B269-D2D3FDF9EA14}.Release|Any CPU.ActiveCfg = Release|Any CPU
		{581C4C94-BCC0-4E5C-B269-D2D3FDF9EA14}.Release|Any CPU.Build.0 = Release|Any CPU
		{FD722420-88A5-4B28-BD2C-22C69BE9815A}.Debug|Any CPU.ActiveCfg = Debug|Any CPU
		{FD722420-88A5-4B28-BD2C-22C69BE9815A}.Debug|Any CPU.Build.0 = Debug|Any CPU
		{FD722420-88A5-4B28-BD2C-22C69BE9815A}.Release|Any CPU.ActiveCfg = Release|Any CPU
		{FD722420-88A5-4B28-BD2C-22C69BE9815A}.Release|Any CPU.Build.0 = Release|Any CPU
		{D5BECC55-D5BD-48DA-86CA-947F6968DDFF}.Debug|Any CPU.ActiveCfg = Debug|Any CPU
		{D5BECC55-D5BD-48DA-86CA-947F6968DDFF}.Debug|Any CPU.Build.0 = Debug|Any CPU
		{D5BECC55-D5BD-48DA-86CA-947F6968DDFF}.Release|Any CPU.ActiveCfg = Release|Any CPU
		{D5BECC55-D5BD-48DA-86CA-947F6968DDFF}.Release|Any CPU.Build.0 = Release|Any CPU
		{F1423D55-FDF6-4C0D-B742-1B38BC25BC1E}.Debug|Any CPU.ActiveCfg = Debug|Any CPU
		{F1423D55-FDF6-4C0D-B742-1B38BC25BC1E}.Debug|Any CPU.Build.0 = Debug|Any CPU
		{F1423D55-FDF6-4C0D-B742-1B38BC25BC1E}.Release|Any CPU.ActiveCfg = Release|Any CPU
		{F1423D55-FDF6-4C0D-B742-1B38BC25BC1E}.Release|Any CPU.Build.0 = Release|Any CPU
		{AFBC7FF0-30BB-4C34-AB72-157152A5F484}.Debug|Any CPU.ActiveCfg = Debug|Any CPU
		{AFBC7FF0-30BB-4C34-AB72-157152A5F484}.Debug|Any CPU.Build.0 = Debug|Any CPU
		{AFBC7FF0-30BB-4C34-AB72-157152A5F484}.Release|Any CPU.ActiveCfg = Release|Any CPU
		{AFBC7FF0-30BB-4C34-AB72-157152A5F484}.Release|Any CPU.Build.0 = Release|Any CPU
	EndGlobalSection
	GlobalSection(SolutionProperties) = preSolution
		HideSolutionNode = FALSE
	EndGlobalSection
	GlobalSection(ExtensibilityGlobals) = postSolution
		SolutionGuid = {61C078BB-D1EF-4754-9768-847B6E95E212}
	EndGlobalSection
EndGlobal
